
Microsoft Visual Studio Solution File, Format Version 12.00
# Visual Studio 15
VisualStudioVersion = 15.0.26124.0
MinimumVisualStudioVersion = 15.0.26124.0
Project("{FAE04EC0-301F-11D3-BF4B-00C04F79EFBC}") = "test", "test\test.csproj", "{3220B421-112D-4A21-9F42-5CEC52588DAE}"
EndProject
Project("{FAE04EC0-301F-11D3-BF4B-00C04F79EFBC}") = "example", "example\example.csproj", "{A640980D-33E0-433D-B472-EE65365905F2}"
EndProject
Project("{FAE04EC0-301F-11D3-BF4B-00C04F79EFBC}") = "lib", "lib\lib.csproj", "{A7D4803A-E414-45DC-94BF-A1F67143A5DF}"
EndProject
Global
	GlobalSection(SolutionConfigurationPlatforms) = preSolution
		Debug|Any CPU = Debug|Any CPU
		Debug|x64 = Debug|x64
		Debug|x86 = Debug|x86
		Release|Any CPU = Release|Any CPU
		Release|x64 = Release|x64
		Release|x86 = Release|x86
	EndGlobalSection
	GlobalSection(SolutionProperties) = preSolution
		HideSolutionNode = FALSE
	EndGlobalSection
	GlobalSection(ProjectConfigurationPlatforms) = postSolution
		{3220B421-112D-4A21-9F42-5CEC52588DAE}.Debug|Any CPU.ActiveCfg = Debug|Any CPU
		{3220B421-112D-4A21-9F42-5CEC52588DAE}.Debug|Any CPU.Build.0 = Debug|Any CPU
		{3220B421-112D-4A21-9F42-5CEC52588DAE}.Debug|x64.ActiveCfg = Debug|Any CPU
		{3220B421-112D-4A21-9F42-5CEC52588DAE}.Debug|x64.Build.0 = Debug|Any CPU
		{3220B421-112D-4A21-9F42-5CEC52588DAE}.Debug|x86.ActiveCfg = Debug|Any CPU
		{3220B421-112D-4A21-9F42-5CEC52588DAE}.Debug|x86.Build.0 = Debug|Any CPU
		{3220B421-112D-4A21-9F42-5CEC52588DAE}.Release|Any CPU.ActiveCfg = Release|Any CPU
		{3220B421-112D-4A21-9F42-5CEC52588DAE}.Release|Any CPU.Build.0 = Release|Any CPU
		{3220B421-112D-4A21-9F42-5CEC52588DAE}.Release|x64.ActiveCfg = Release|Any CPU
		{3220B421-112D-4A21-9F42-5CEC52588DAE}.Release|x64.Build.0 = Release|Any CPU
		{3220B421-112D-4A21-9F42-5CEC52588DAE}.Release|x86.ActiveCfg = Release|Any CPU
		{3220B421-112D-4A21-9F42-5CEC52588DAE}.Release|x86.Build.0 = Release|Any CPU
		{A640980D-33E0-433D-B472-EE65365905F2}.Debug|Any CPU.ActiveCfg = Debug|Any CPU
		{A640980D-33E0-433D-B472-EE65365905F2}.Debug|Any CPU.Build.0 = Debug|Any CPU
		{A640980D-33E0-433D-B472-EE65365905F2}.Debug|x64.ActiveCfg = Debug|Any CPU
		{A640980D-33E0-433D-B472-EE65365905F2}.Debug|x64.Build.0 = Debug|Any CPU
		{A640980D-33E0-433D-B472-EE65365905F2}.Debug|x86.ActiveCfg = Debug|Any CPU
		{A640980D-33E0-433D-B472-EE65365905F2}.Debug|x86.Build.0 = Debug|Any CPU
		{A640980D-33E0-433D-B472-EE65365905F2}.Release|Any CPU.ActiveCfg = Release|Any CPU
		{A640980D-33E0-433D-B472-EE65365905F2}.Release|Any CPU.Build.0 = Release|Any CPU
		{A640980D-33E0-433D-B472-EE65365905F2}.Release|x64.ActiveCfg = Release|Any CPU
		{A640980D-33E0-433D-B472-EE65365905F2}.Release|x64.Build.0 = Release|Any CPU
		{A640980D-33E0-433D-B472-EE65365905F2}.Release|x86.ActiveCfg = Release|Any CPU
		{A640980D-33E0-433D-B472-EE65365905F2}.Release|x86.Build.0 = Release|Any CPU
		{A7D4803A-E414-45DC-94BF-A1F67143A5DF}.Debug|Any CPU.ActiveCfg = Debug|Any CPU
		{A7D4803A-E414-45DC-94BF-A1F67143A5DF}.Debug|Any CPU.Build.0 = Debug|Any CPU
		{A7D4803A-E414-45DC-94BF-A1F67143A5DF}.Debug|x64.ActiveCfg = Debug|Any CPU
		{A7D4803A-E414-45DC-94BF-A1F67143A5DF}.Debug|x64.Build.0 = Debug|Any CPU
		{A7D4803A-E414-45DC-94BF-A1F67143A5DF}.Debug|x86.ActiveCfg = Debug|Any CPU
		{A7D4803A-E414-45DC-94BF-A1F67143A5DF}.Debug|x86.Build.0 = Debug|Any CPU
		{A7D4803A-E414-45DC-94BF-A1F67143A5DF}.Release|Any CPU.ActiveCfg = Release|Any CPU
		{A7D4803A-E414-45DC-94BF-A1F67143A5DF}.Release|Any CPU.Build.0 = Release|Any CPU
		{A7D4803A-E414-45DC-94BF-A1F67143A5DF}.Release|x64.ActiveCfg = Release|Any CPU
		{A7D4803A-E414-45DC-94BF-A1F67143A5DF}.Release|x64.Build.0 = Release|Any CPU
		{A7D4803A-E414-45DC-94BF-A1F67143A5DF}.Release|x86.ActiveCfg = Release|Any CPU
		{A7D4803A-E414-45DC-94BF-A1F67143A5DF}.Release|x86.Build.0 = Release|Any CPU
		{CC669516-BFB5-430F-B9F6-3FC1C326DE5E}.Debug|Any CPU.ActiveCfg = Debug|Any CPU
		{CC669516-BFB5-430F-B9F6-3FC1C326DE5E}.Debug|Any CPU.Build.0 = Debug|Any CPU
		{CC669516-BFB5-430F-B9F6-3FC1C326DE5E}.Debug|x64.ActiveCfg = Debug|Any CPU
		{CC669516-BFB5-430F-B9F6-3FC1C326DE5E}.Debug|x64.Build.0 = Debug|Any CPU
		{CC669516-BFB5-430F-B9F6-3FC1C326DE5E}.Debug|x86.ActiveCfg = Debug|Any CPU
		{CC669516-BFB5-430F-B9F6-3FC1C326DE5E}.Debug|x86.Build.0 = Debug|Any CPU
		{CC669516-BFB5-430F-B9F6-3FC1C326DE5E}.Release|Any CPU.ActiveCfg = Release|Any CPU
		{CC669516-BFB5-430F-B9F6-3FC1C326DE5E}.Release|Any CPU.Build.0 = Release|Any CPU
		{CC669516-BFB5-430F-B9F6-3FC1C326DE5E}.Release|x64.ActiveCfg = Release|Any CPU
		{CC669516-BFB5-430F-B9F6-3FC1C326DE5E}.Release|x64.Build.0 = Release|Any CPU
		{CC669516-BFB5-430F-B9F6-3FC1C326DE5E}.Release|x86.ActiveCfg = Release|Any CPU
		{CC669516-BFB5-430F-B9F6-3FC1C326DE5E}.Release|x86.Build.0 = Release|Any CPU
	EndGlobalSection
EndGlobal
